<?xml version="1.0" encoding="utf-8"?>
<Project ToolsVersion="4.0" xmlns="http://schemas.microsoft.com/developer/msbuild/2003">
  <ItemGroup>
    <Filter Include="Source Files">
      <UniqueIdentifier>{4FC737F1-C7A5-4376-A066-2A32D752A2FF}</UniqueIdentifier>
      <Extensions>cpp;c;cc;cxx;def;odl;idl;hpj;bat;asm;asmx</Extensions>
    </Filter>
    <Filter Include="Header Files">
      <UniqueIdentifier>{93995380-89BD-4b04-88EB-625FBE52EBFB}</UniqueIdentifier>
      <Extensions>h;hh;hpp;hxx;hm;inl;inc;xsd</Extensions>
    </Filter>
    <Filter Include="Resource Files">
      <UniqueIdentifier>{67DA6AB6-F800-4c08-8B7A-83BB121AAD01}</UniqueIdentifier>
      <Extensions>rc;ico;cur;bmp;dlg;rc2;rct;bin;rgs;gif;jpg;jpeg;jpe;resx;tiff;tif;png;wav;mfcribbon-ms</Extensions>
    </Filter>
    <Filter Include="LuaAPI">
      <UniqueIdentifier>{e2d67e62-b23a-4a80-98e8-d6893bc79026}</UniqueIdentifier>
    </Filter>
    <Filter Include="Engine">
      <UniqueIdentifier>{8a362e3d-e013-4d84-86e0-695efffc2c91}</UniqueIdentifier>
    </Filter>
  </ItemGroup>
  <ItemGroup>
    <Text Include="ReadMe.txt" />
  </ItemGroup>
  <ItemGroup>
    <ClInclude Include="stdafx.h">
      <Filter>Header Files</Filter>
    </ClInclude>
    <ClInclude Include="targetver.h">
      <Filter>Header Files</Filter>
    </ClInclude>
    <ClInclude Include="ixperial-main.h">
      <Filter>Header Files</Filter>
    </ClInclude>
    <ClInclude Include="vmt-hook.h">
      <Filter>Header Files</Filter>
    </ClInclude>
    <ClInclude Include="lua-api.h">
      <Filter>LuaAPI</Filter>
    </ClInclude>
    <ClInclude Include="netvar-manager.h">
      <Filter>Engine</Filter>
    </ClInclude>
    <ClInclude Include="dt_recv.h">
      <Filter>Engine</Filter>
    </ClInclude>
    <ClInclude Include="common.h">
      <Filter>Engine</Filter>
    </ClInclude>
    <ClInclude Include="lua-entity.h">
      <Filter>LuaAPI</Filter>
    </ClInclude>
    <ClInclude Include="lua-event.h">
      <Filter>LuaAPI</Filter>
    </ClInclude>
    <ClInclude Include="base-engine.h">
      <Filter>Engine</Filter>
    </ClInclude>
    <ClInclude Include="base-client.h">
      <Filter>Engine</Filter>
    </ClInclude>
    <ClInclude Include="SignatureScanner.h">
      <Filter>Header Files</Filter>
    </ClInclude>
  </ItemGroup>
  <ItemGroup>
    <ClCompile Include="stdafx.cpp">
      <Filter>Source Files</Filter>
    </ClCompile>
    <ClCompile Include="ixperial-main.cpp">
      <Filter>Source Files</Filter>
    </ClCompile>
    <ClCompile Include="dllmain.cpp">
      <Filter>Source Files</Filter>
    </ClCompile>
    <ClCompile Include="vmt-hook.cpp">
      <Filter>Source Files</Filter>
    </ClCompile>
    <ClCompile Include="common.cpp">
      <Filter>Engine</Filter>
    </ClCompile>
    <ClCompile Include="netvar-manager.cpp">
      <Filter>Engine</Filter>
    </ClCompile>
    <ClCompile Include="base-client.cpp">
      <Filter>Engine</Filter>
    </ClCompile>
    <ClCompile Include="base-engine.cpp">
      <Filter>Engine</Filter>
    </ClCompile>
    <ClCompile Include="lua-entity.cpp">
      <Filter>LuaAPI</Filter>
    </ClCompile>
    <ClCompile Include="lua-api.cpp">
      <Filter>LuaAPI</Filter>
    </ClCompile>
    <ClCompile Include="SignatureScanner.cpp">
      <Filter>Source Files</Filter>
    </ClCompile>
  </ItemGroup>
</Project>